
Microsoft Visual Studio Solution File, Format Version 12.00
# Visual Studio 2013
VisualStudioVersion = 12.0.40629.0
MinimumVisualStudioVersion = 10.0.40219.1
Project("{FAE04EC0-301F-11D3-BF4B-00C04F79EFBC}") = "SmsProject.App.API", "SmsProject.App.API\SmsProject.App.API.csproj", "{45AFA20F-5403-4FF7-B06B-375A545D806E}"
EndProject
Project("{FAE04EC0-301F-11D3-BF4B-00C04F79EFBC}") = "SmsProject.App.API.Common", "SmsProject.App.API.Common\SmsProject.App.API.Common.csproj", "{9390B68C-A48B-45A1-AF15-B16417FE0AA6}"
EndProject
Project("{FAE04EC0-301F-11D3-BF4B-00C04F79EFBC}") = "SmsProject.App.API.Core", "SmsProject.App.API.Core\SmsProject.App.API.Core.csproj", "{C12D4AE7-F507-42E3-BEE7-5B2D86C657E3}"
EndProject
Project("{FAE04EC0-301F-11D3-BF4B-00C04F79EFBC}") = "SmsProject.App.Common", "SmsProject.App.Common\SmsProject.App.Common.csproj", "{0F591490-7644-460C-8011-F58F997F5F8E}"
EndProject
Project("{FAE04EC0-301F-11D3-BF4B-00C04F79EFBC}") = "SmsProject.App.Common.Logging", "SmsProject.App.Common.Logging\SmsProject.App.Common.Logging.csproj", "{B114C817-5E17-41E0-BF0D-D07D2F348321}"
EndProject
Project("{FAE04EC0-301F-11D3-BF4B-00C04F79EFBC}") = "SmsProject.App.Data.DAL", "SmsProject.App.Data.DAL\SmsProject.App.Data.DAL.csproj", "{722F3456-60E9-4AB2-BE9A-CAF74CFD4FA4}"
EndProject
Project("{FAE04EC0-301F-11D3-BF4B-00C04F79EFBC}") = "SmsProject.App.Data.DAL.Interface", "SmsProject.App.Data.DAL.Interface\SmsProject.App.Data.DAL.Interface.csproj", "{3B051B41-3D91-45FA-9E6B-6AB93CF4F2C3}"
EndProject
Project("{FAE04EC0-301F-11D3-BF4B-00C04F79EFBC}") = "SmsProject.App.Data.Persistence", "SmsProject.App.Data.Persistence\SmsProject.App.Data.Persistence.csproj", "{9DF2B0FD-2697-47C1-B095-FA22D3906201}"
EndProject
Project("{FAE04EC0-301F-11D3-BF4B-00C04F79EFBC}") = "SmsProject.App.Model", "SmsProject.App.Model\SmsProject.App.Model.csproj", "{C2120943-A3E0-4F36-ADE7-81FC4ECCA7C2}"
EndProject
Project("{FAE04EC0-301F-11D3-BF4B-00C04F79EFBC}") = "SmsProject.App.Operation", "SmsProject.App.Operation\SmsProject.App.Operation.csproj", "{1D35194B-AC11-441F-BE73-4DA491A7E3DE}"
EndProject
Project("{FAE04EC0-301F-11D3-BF4B-00C04F79EFBC}") = "SmsProject.App.Operation.Interface", "SmsProject.App.Operation.Interface\SmsProject.App.Operation.Interface.csproj", "{6B8C7975-BB0A-45E5-B271-D3EC5FD172B9}"
EndProject
Project("{FAE04EC0-301F-11D3-BF4B-00C04F79EFBC}") = "SmsProject.App.Operation.UnitTest", "SmsProject.App.Operation.UnitTest\SmsProject.App.Operation.UnitTest.csproj", "{12C3A592-970E-41E3-9910-9B70078823D5}"
EndProject
Project("{FAE04EC0-301F-11D3-BF4B-00C04F79EFBC}") = "SmsProject.App.SmsProvider", "SmsProject.App.SmsProvider\SmsProject.App.SmsProvider.csproj", "{A1C83449-0FC9-4587-99CC-55BC63F1AD91}"
EndProject
Global
	GlobalSection(SolutionConfigurationPlatforms) = preSolution
		Debug|Any CPU = Debug|Any CPU
		Debug|Mixed Platforms = Debug|Mixed Platforms
		Debug|x64 = Debug|x64
		Debug|x86 = Debug|x86
		Release|Any CPU = Release|Any CPU
		Release|Mixed Platforms = Release|Mixed Platforms
		Release|x64 = Release|x64
		Release|x86 = Release|x86
	EndGlobalSection
	GlobalSection(ProjectConfigurationPlatforms) = postSolution
		{45AFA20F-5403-4FF7-B06B-375A545D806E}.Debug|Any CPU.ActiveCfg = Debug|Any CPU
		{45AFA20F-5403-4FF7-B06B-375A545D806E}.Debug|Any CPU.Build.0 = Debug|Any CPU
		{45AFA20F-5403-4FF7-B06B-375A545D806E}.Debug|Mixed Platforms.ActiveCfg = Debug|Any CPU
		{45AFA20F-5403-4FF7-B06B-375A545D806E}.Debug|Mixed Platforms.Build.0 = Debug|Any CPU
		{45AFA20F-5403-4FF7-B06B-375A545D806E}.Debug|x64.ActiveCfg = Debug|Any CPU
		{45AFA20F-5403-4FF7-B06B-375A545D806E}.Debug|x64.Build.0 = Debug|Any CPU
		{45AFA20F-5403-4FF7-B06B-375A545D806E}.Debug|x86.ActiveCfg = Debug|Any CPU
		{45AFA20F-5403-4FF7-B06B-375A545D806E}.Debug|x86.Build.0 = Debug|Any CPU
		{45AFA20F-5403-4FF7-B06B-375A545D806E}.Release|Any CPU.ActiveCfg = Release|Any CPU
		{45AFA20F-5403-4FF7-B06B-375A545D806E}.Release|Any CPU.Build.0 = Release|Any CPU
		{45AFA20F-5403-4FF7-B06B-375A545D806E}.Release|Mixed Platforms.ActiveCfg = Release|Any CPU
		{45AFA20F-5403-4FF7-B06B-375A545D806E}.Release|Mixed Platforms.Build.0 = Release|Any CPU
		{45AFA20F-5403-4FF7-B06B-375A545D806E}.Release|x64.ActiveCfg = Release|Any CPU
		{45AFA20F-5403-4FF7-B06B-375A545D806E}.Release|x86.ActiveCfg = Release|Any CPU
		{9390B68C-A48B-45A1-AF15-B16417FE0AA6}.Debug|Any CPU.ActiveCfg = Debug|Any CPU
		{9390B68C-A48B-45A1-AF15-B16417FE0AA6}.Debug|Any CPU.Build.0 = Debug|Any CPU
		{9390B68C-A48B-45A1-AF15-B16417FE0AA6}.Debug|Mixed Platforms.ActiveCfg = Debug|Any CPU
		{9390B68C-A48B-45A1-AF15-B16417FE0AA6}.Debug|Mixed Platforms.Build.0 = Debug|Any CPU
		{9390B68C-A48B-45A1-AF15-B16417FE0AA6}.Debug|x64.ActiveCfg = Debug|Any CPU
		{9390B68C-A48B-45A1-AF15-B16417FE0AA6}.Debug|x64.Build.0 = Debug|Any CPU
		{9390B68C-A48B-45A1-AF15-B16417FE0AA6}.Debug|x86.ActiveCfg = Debug|Any CPU
		{9390B68C-A48B-45A1-AF15-B16417FE0AA6}.Debug|x86.Build.0 = Debug|Any CPU
		{9390B68C-A48B-45A1-AF15-B16417FE0AA6}.Release|Any CPU.ActiveCfg = Release|Any CPU
		{9390B68C-A48B-45A1-AF15-B16417FE0AA6}.Release|Any CPU.Build.0 = Release|Any CPU
		{9390B68C-A48B-45A1-AF15-B16417FE0AA6}.Release|Mixed Platforms.ActiveCfg = Release|Any CPU
		{9390B68C-A48B-45A1-AF15-B16417FE0AA6}.Release|Mixed Platforms.Build.0 = Release|Any CPU
		{9390B68C-A48B-45A1-AF15-B16417FE0AA6}.Release|x64.ActiveCfg = Release|Any CPU
		{9390B68C-A48B-45A1-AF15-B16417FE0AA6}.Release|x86.ActiveCfg = Release|Any CPU
		{C12D4AE7-F507-42E3-BEE7-5B2D86C657E3}.Debug|Any CPU.ActiveCfg = Debug|Any CPU
		{C12D4AE7-F507-42E3-BEE7-5B2D86C657E3}.Debug|Any CPU.Build.0 = Debug|Any CPU
		{C12D4AE7-F507-42E3-BEE7-5B2D86C657E3}.Debug|Mixed Platforms.ActiveCfg = Debug|Any CPU
		{C12D4AE7-F507-42E3-BEE7-5B2D86C657E3}.Debug|Mixed Platforms.Build.0 = Debug|Any CPU
		{C12D4AE7-F507-42E3-BEE7-5B2D86C657E3}.Debug|x64.ActiveCfg = Debug|Any CPU
		{C12D4AE7-F507-42E3-BEE7-5B2D86C657E3}.Debug|x64.Build.0 = Debug|Any CPU
		{C12D4AE7-F507-42E3-BEE7-5B2D86C657E3}.Debug|x86.ActiveCfg = Debug|Any CPU
		{C12D4AE7-F507-42E3-BEE7-5B2D86C657E3}.Debug|x86.Build.0 = Debug|Any CPU
		{C12D4AE7-F507-42E3-BEE7-5B2D86C657E3}.Release|Any CPU.ActiveCfg = Release|Any CPU
		{C12D4AE7-F507-42E3-BEE7-5B2D86C657E3}.Release|Any CPU.Build.0 = Release|Any CPU
		{C12D4AE7-F507-42E3-BEE7-5B2D86C657E3}.Release|Mixed Platforms.ActiveCfg = Release|Any CPU
		{C12D4AE7-F507-42E3-BEE7-5B2D86C657E3}.Release|Mixed Platforms.Build.0 = Release|Any CPU
		{C12D4AE7-F507-42E3-BEE7-5B2D86C657E3}.Release|x64.ActiveCfg = Release|Any CPU
		{C12D4AE7-F507-42E3-BEE7-5B2D86C657E3}.Release|x86.ActiveCfg = Release|Any CPU
		{0F591490-7644-460C-8011-F58F997F5F8E}.Debug|Any CPU.ActiveCfg = Debug|Any CPU
		{0F591490-7644-460C-8011-F58F997F5F8E}.Debug|Any CPU.Build.0 = Debug|Any CPU
		{0F591490-7644-460C-8011-F58F997F5F8E}.Debug|Mixed Platforms.ActiveCfg = Debug|Any CPU
		{0F591490-7644-460C-8011-F58F997F5F8E}.Debug|Mixed Platforms.Build.0 = Debug|Any CPU
		{0F591490-7644-460C-8011-F58F997F5F8E}.Debug|x64.ActiveCfg = Debug|Any CPU
		{0F591490-7644-460C-8011-F58F997F5F8E}.Debug|x64.Build.0 = Debug|Any CPU
		{0F591490-7644-460C-8011-F58F997F5F8E}.Debug|x86.ActiveCfg = Debug|Any CPU
		{0F591490-7644-460C-8011-F58F997F5F8E}.Debug|x86.Build.0 = Debug|Any CPU
		{0F591490-7644-460C-8011-F58F997F5F8E}.Release|Any CPU.ActiveCfg = Release|Any CPU
		{0F591490-7644-460C-8011-F58F997F5F8E}.Release|Any CPU.Build.0 = Release|Any CPU
		{0F591490-7644-460C-8011-F58F997F5F8E}.Release|Mixed Platforms.ActiveCfg = Release|Any CPU
		{0F591490-7644-460C-8011-F58F997F5F8E}.Release|Mixed Platforms.Build.0 = Release|Any CPU
		{0F591490-7644-460C-8011-F58F997F5F8E}.Release|x64.ActiveCfg = Release|Any CPU
		{0F591490-7644-460C-8011-F58F997F5F8E}.Release|x86.ActiveCfg = Release|Any CPU
		{B114C817-5E17-41E0-BF0D-D07D2F348321}.Debug|Any CPU.ActiveCfg = Debug|Any CPU
		{B114C817-5E17-41E0-BF0D-D07D2F348321}.Debug|Any CPU.Build.0 = Debug|Any CPU
		{B114C817-5E17-41E0-BF0D-D07D2F348321}.Debug|Mixed Platforms.ActiveCfg = Debug|Any CPU
		{B114C817-5E17-41E0-BF0D-D07D2F348321}.Debug|Mixed Platforms.Build.0 = Debug|Any CPU
		{B114C817-5E17-41E0-BF0D-D07D2F348321}.Debug|x64.ActiveCfg = Debug|Any CPU
		{B114C817-5E17-41E0-BF0D-D07D2F348321}.Debug|x64.Build.0 = Debug|Any CPU
		{B114C817-5E17-41E0-BF0D-D07D2F348321}.Debug|x86.ActiveCfg = Debug|Any CPU
		{B114C817-5E17-41E0-BF0D-D07D2F348321}.Debug|x86.Build.0 = Debug|Any CPU
		{B114C817-5E17-41E0-BF0D-D07D2F348321}.Release|Any CPU.ActiveCfg = Release|Any CPU
		{B114C817-5E17-41E0-BF0D-D07D2F348321}.Release|Any CPU.Build.0 = Release|Any CPU
		{B114C817-5E17-41E0-BF0D-D07D2F348321}.Release|Mixed Platforms.ActiveCfg = Release|Any CPU
		{B114C817-5E17-41E0-BF0D-D07D2F348321}.Release|Mixed Platforms.Build.0 = Release|Any CPU
		{B114C817-5E17-41E0-BF0D-D07D2F348321}.Release|x64.ActiveCfg = Release|Any CPU
		{B114C817-5E17-41E0-BF0D-D07D2F348321}.Release|x86.ActiveCfg = Release|Any CPU
		{722F3456-60E9-4AB2-BE9A-CAF74CFD4FA4}.Debug|Any CPU.ActiveCfg = Debug|Any CPU
		{722F3456-60E9-4AB2-BE9A-CAF74CFD4FA4}.Debug|Any CPU.Build.0 = Debug|Any CPU
		{722F3456-60E9-4AB2-BE9A-CAF74CFD4FA4}.Debug|Mixed Platforms.ActiveCfg = Debug|Any CPU
		{722F3456-60E9-4AB2-BE9A-CAF74CFD4FA4}.Debug|Mixed Platforms.Build.0 = Debug|Any CPU
		{722F3456-60E9-4AB2-BE9A-CAF74CFD4FA4}.Debug|x64.ActiveCfg = Debug|Any CPU
		{722F3456-60E9-4AB2-BE9A-CAF74CFD4FA4}.Debug|x64.Build.0 = Debug|Any CPU
		{722F3456-60E9-4AB2-BE9A-CAF74CFD4FA4}.Debug|x86.ActiveCfg = Debug|Any CPU
		{722F3456-60E9-4AB2-BE9A-CAF74CFD4FA4}.Debug|x86.Build.0 = Debug|Any CPU
		{722F3456-60E9-4AB2-BE9A-CAF74CFD4FA4}.Release|Any CPU.ActiveCfg = Release|Any CPU
		{722F3456-60E9-4AB2-BE9A-CAF74CFD4FA4}.Release|Any CPU.Build.0 = Release|Any CPU
		{722F3456-60E9-4AB2-BE9A-CAF74CFD4FA4}.Release|Mixed Platforms.ActiveCfg = Release|Any CPU
		{722F3456-60E9-4AB2-BE9A-CAF74CFD4FA4}.Release|Mixed Platforms.Build.0 = Release|Any CPU
		{722F3456-60E9-4AB2-BE9A-CAF74CFD4FA4}.Release|x64.ActiveCfg = Release|Any CPU
		{722F3456-60E9-4AB2-BE9A-CAF74CFD4FA4}.Release|x86.ActiveCfg = Release|Any CPU
		{3B051B41-3D91-45FA-9E6B-6AB93CF4F2C3}.Debug|Any CPU.ActiveCfg = Debug|Any CPU
		{3B051B41-3D91-45FA-9E6B-6AB93CF4F2C3}.Debug|Any CPU.Build.0 = Debug|Any CPU
		{3B051B41-3D91-45FA-9E6B-6AB93CF4F2C3}.Debug|Mixed Platforms.ActiveCfg = Debug|Any CPU
		{3B051B41-3D91-45FA-9E6B-6AB93CF4F2C3}.Debug|Mixed Platforms.Build.0 = Debug|Any CPU
		{3B051B41-3D91-45FA-9E6B-6AB93CF4F2C3}.Debug|x64.ActiveCfg = Debug|Any CPU
		{3B051B41-3D91-45FA-9E6B-6AB93CF4F2C3}.Debug|x64.Build.0 = Debug|Any CPU
		{3B051B41-3D91-45FA-9E6B-6AB93CF4F2C3}.Debug|x86.ActiveCfg = Debug|Any CPU
		{3B051B41-3D91-45FA-9E6B-6AB93CF4F2C3}.Debug|x86.Build.0 = Debug|Any CPU
		{3B051B41-3D91-45FA-9E6B-6AB93CF4F2C3}.Release|Any CPU.ActiveCfg = Release|Any CPU
		{3B051B41-3D91-45FA-9E6B-6AB93CF4F2C3}.Release|Any CPU.Build.0 = Release|Any CPU
		{3B051B41-3D91-45FA-9E6B-6AB93CF4F2C3}.Release|Mixed Platforms.ActiveCfg = Release|Any CPU
		{3B051B41-3D91-45FA-9E6B-6AB93CF4F2C3}.Release|Mixed Platforms.Build.0 = Release|Any CPU
		{3B051B41-3D91-45FA-9E6B-6AB93CF4F2C3}.Release|x64.ActiveCfg = Release|Any CPU
		{3B051B41-3D91-45FA-9E6B-6AB93CF4F2C3}.Release|x86.ActiveCfg = Release|Any CPU
		{9DF2B0FD-2697-47C1-B095-FA22D3906201}.Debug|Any CPU.ActiveCfg = Debug|Any CPU
		{9DF2B0FD-2697-47C1-B095-FA22D3906201}.Debug|Any CPU.Build.0 = Debug|Any CPU
		{9DF2B0FD-2697-47C1-B095-FA22D3906201}.Debug|Mixed Platforms.ActiveCfg = Debug|Any CPU
		{9DF2B0FD-2697-47C1-B095-FA22D3906201}.Debug|Mixed Platforms.Build.0 = Debug|Any CPU
		{9DF2B0FD-2697-47C1-B095-FA22D3906201}.Debug|x64.ActiveCfg = Debug|Any CPU
		{9DF2B0FD-2697-47C1-B095-FA22D3906201}.Debug|x64.Build.0 = Debug|Any CPU
		{9DF2B0FD-2697-47C1-B095-FA22D3906201}.Debug|x86.ActiveCfg = Debug|Any CPU
		{9DF2B0FD-2697-47C1-B095-FA22D3906201}.Debug|x86.Build.0 = Debug|Any CPU
		{9DF2B0FD-2697-47C1-B095-FA22D3906201}.Release|Any CPU.ActiveCfg = Release|Any CPU
		{9DF2B0FD-2697-47C1-B095-FA22D3906201}.Release|Any CPU.Build.0 = Release|Any CPU
		{9DF2B0FD-2697-47C1-B095-FA22D3906201}.Release|Mixed Platforms.ActiveCfg = Release|Any CPU
		{9DF2B0FD-2697-47C1-B095-FA22D3906201}.Release|Mixed Platforms.Build.0 = Release|Any CPU
		{9DF2B0FD-2697-47C1-B095-FA22D3906201}.Release|x64.ActiveCfg = Release|Any CPU
		{9DF2B0FD-2697-47C1-B095-FA22D3906201}.Release|x86.ActiveCfg = Release|Any CPU
		{C2120943-A3E0-4F36-ADE7-81FC4ECCA7C2}.Debug|Any CPU.ActiveCfg = Debug|Any CPU
		{C2120943-A3E0-4F36-ADE7-81FC4ECCA7C2}.Debug|Any CPU.Build.0 = Debug|Any CPU
		{C2120943-A3E0-4F36-ADE7-81FC4ECCA7C2}.Debug|Mixed Platforms.ActiveCfg = Debug|Any CPU
		{C2120943-A3E0-4F36-ADE7-81FC4ECCA7C2}.Debug|Mixed Platforms.Build.0 = Debug|Any CPU
		{C2120943-A3E0-4F36-ADE7-81FC4ECCA7C2}.Debug|x64.ActiveCfg = Debug|Any CPU
		{C2120943-A3E0-4F36-ADE7-81FC4ECCA7C2}.Debug|x64.Build.0 = Debug|Any CPU
		{C2120943-A3E0-4F36-ADE7-81FC4ECCA7C2}.Debug|x86.ActiveCfg = Debug|Any CPU
		{C2120943-A3E0-4F36-ADE7-81FC4ECCA7C2}.Debug|x86.Build.0 = Debug|Any CPU
		{C2120943-A3E0-4F36-ADE7-81FC4ECCA7C2}.Release|Any CPU.ActiveCfg = Release|Any CPU
		{C2120943-A3E0-4F36-ADE7-81FC4ECCA7C2}.Release|Mixed Platforms.ActiveCfg = Release|Any CPU
		{C2120943-A3E0-4F36-ADE7-81FC4ECCA7C2}.Release|Mixed Platforms.Build.0 = Release|Any CPU
		{C2120943-A3E0-4F36-ADE7-81FC4ECCA7C2}.Release|x64.ActiveCfg = Release|Any CPU
		{C2120943-A3E0-4F36-ADE7-81FC4ECCA7C2}.Release|x86.ActiveCfg = Release|Any CPU
		{1D35194B-AC11-441F-BE73-4DA491A7E3DE}.Debug|Any CPU.ActiveCfg = Debug|Any CPU
		{1D35194B-AC11-441F-BE73-4DA491A7E3DE}.Debug|Any CPU.Build.0 = Debug|Any CPU
		{1D35194B-AC11-441F-BE73-4DA491A7E3DE}.Debug|Mixed Platforms.ActiveCfg = Debug|Any CPU
		{1D35194B-AC11-441F-BE73-4DA491A7E3DE}.Debug|Mixed Platforms.Build.0 = Debug|Any CPU
		{1D35194B-AC11-441F-BE73-4DA491A7E3DE}.Debug|x64.ActiveCfg = Debug|Any CPU
		{1D35194B-AC11-441F-BE73-4DA491A7E3DE}.Debug|x64.Build.0 = Debug|Any CPU
		{1D35194B-AC11-441F-BE73-4DA491A7E3DE}.Debug|x86.ActiveCfg = Debug|Any CPU
		{1D35194B-AC11-441F-BE73-4DA491A7E3DE}.Debug|x86.Build.0 = Debug|Any CPU
		{1D35194B-AC11-441F-BE73-4DA491A7E3DE}.Release|Any CPU.ActiveCfg = Release|Any CPU
		{1D35194B-AC11-441F-BE73-4DA491A7E3DE}.Release|Any CPU.Build.0 = Release|Any CPU
		{1D35194B-AC11-441F-BE73-4DA491A7E3DE}.Release|Mixed Platforms.ActiveCfg = Release|Any CPU
		{1D35194B-AC11-441F-BE73-4DA491A7E3DE}.Release|Mixed Platforms.Build.0 = Release|Any CPU
		{1D35194B-AC11-441F-BE73-4DA491A7E3DE}.Release|x64.ActiveCfg = Release|Any CPU
		{1D35194B-AC11-441F-BE73-4DA491A7E3DE}.Release|x86.ActiveCfg = Release|Any CPU
		{6B8C7975-BB0A-45E5-B271-D3EC5FD172B9}.Debug|Any CPU.ActiveCfg = Debug|Any CPU
		{6B8C7975-BB0A-45E5-B271-D3EC5FD172B9}.Debug|Any CPU.Build.0 = Debug|Any CPU
		{6B8C7975-BB0A-45E5-B271-D3EC5FD172B9}.Debug|Mixed Platforms.ActiveCfg = Debug|Any CPU
		{6B8C7975-BB0A-45E5-B271-D3EC5FD172B9}.Debug|Mixed Platforms.Build.0 = Debug|Any CPU
		{6B8C7975-BB0A-45E5-B271-D3EC5FD172B9}.Debug|x64.ActiveCfg = Debug|Any CPU
		{6B8C7975-BB0A-45E5-B271-D3EC5FD172B9}.Debug|x64.Build.0 = Debug|Any CPU
		{6B8C7975-BB0A-45E5-B271-D3EC5FD172B9}.Debug|x86.ActiveCfg = Debug|Any CPU
		{6B8C7975-BB0A-45E5-B271-D3EC5FD172B9}.Debug|x86.Build.0 = Debug|Any CPU
		{6B8C7975-BB0A-45E5-B271-D3EC5FD172B9}.Release|Any CPU.ActiveCfg = Release|Any CPU
		{6B8C7975-BB0A-45E5-B271-D3EC5FD172B9}.Release|Any CPU.Build.0 = Release|Any CPU
		{6B8C7975-BB0A-45E5-B271-D3EC5FD172B9}.Release|Mixed Platforms.ActiveCfg = Release|Any CPU
		{6B8C7975-BB0A-45E5-B271-D3EC5FD172B9}.Release|Mixed Platforms.Build.0 = Release|Any CPU
		{6B8C7975-BB0A-45E5-B271-D3EC5FD172B9}.Release|x64.ActiveCfg = Release|Any CPU
		{6B8C7975-BB0A-45E5-B271-D3EC5FD172B9}.Release|x86.ActiveCfg = Release|Any CPU
		{12C3A592-970E-41E3-9910-9B70078823D5}.Debug|Any CPU.ActiveCfg = Debug|Any CPU
		{12C3A592-970E-41E3-9910-9B70078823D5}.Debug|Any CPU.Build.0 = Debug|Any CPU
		{12C3A592-970E-41E3-9910-9B70078823D5}.Debug|Mixed Platforms.ActiveCfg = Debug|x86
		{12C3A592-970E-41E3-9910-9B70078823D5}.Debug|Mixed Platforms.Build.0 = Debug|x86
		{12C3A592-970E-41E3-9910-9B70078823D5}.Debug|x64.ActiveCfg = Debug|x64
		{12C3A592-970E-41E3-9910-9B70078823D5}.Debug|x64.Build.0 = Debug|x64
		{12C3A592-970E-41E3-9910-9B70078823D5}.Debug|x86.ActiveCfg = Debug|x86
		{12C3A592-970E-41E3-9910-9B70078823D5}.Debug|x86.Build.0 = Debug|x86
		{12C3A592-970E-41E3-9910-9B70078823D5}.Release|Any CPU.ActiveCfg = Release|Any CPU
		{12C3A592-970E-41E3-9910-9B70078823D5}.Release|Any CPU.Build.0 = Release|Any CPU
		{12C3A592-970E-41E3-9910-9B70078823D5}.Release|Mixed Platforms.ActiveCfg = Release|x86
		{12C3A592-970E-41E3-9910-9B70078823D5}.Release|Mixed Platforms.Build.0 = Release|x86
		{12C3A592-970E-41E3-9910-9B70078823D5}.Release|x64.ActiveCfg = Release|x64
		{12C3A592-970E-41E3-9910-9B70078823D5}.Release|x64.Build.0 = Release|x64
		{12C3A592-970E-41E3-9910-9B70078823D5}.Release|x86.ActiveCfg = Release|x86
		{12C3A592-970E-41E3-9910-9B70078823D5}.Release|x86.Build.0 = Release|x86
		{A1C83449-0FC9-4587-99CC-55BC63F1AD91}.Debug|Any CPU.ActiveCfg = Debug|Any CPU
		{A1C83449-0FC9-4587-99CC-55BC63F1AD91}.Debug|Any CPU.Build.0 = Debug|Any CPU
		{A1C83449-0FC9-4587-99CC-55BC63F1AD91}.Debug|Mixed Platforms.ActiveCfg = Debug|Any CPU
		{A1C83449-0FC9-4587-99CC-55BC63F1AD91}.Debug|Mixed Platforms.Build.0 = Debug|Any CPU
		{A1C83449-0FC9-4587-99CC-55BC63F1AD91}.Debug|x64.ActiveCfg = Debug|Any CPU
		{A1C83449-0FC9-4587-99CC-55BC63F1AD91}.Debug|x86.ActiveCfg = Debug|Any CPU
		{A1C83449-0FC9-4587-99CC-55BC63F1AD91}.Release|Any CPU.ActiveCfg = Release|Any CPU
		{A1C83449-0FC9-4587-99CC-55BC63F1AD91}.Release|Any CPU.Build.0 = Release|Any CPU
		{A1C83449-0FC9-4587-99CC-55BC63F1AD91}.Release|Mixed Platforms.ActiveCfg = Release|Any CPU
		{A1C83449-0FC9-4587-99CC-55BC63F1AD91}.Release|Mixed Platforms.Build.0 = Release|Any CPU
		{A1C83449-0FC9-4587-99CC-55BC63F1AD91}.Release|x64.ActiveCfg = Release|Any CPU
		{A1C83449-0FC9-4587-99CC-55BC63F1AD91}.Release|x86.ActiveCfg = Release|Any CPU
	EndGlobalSection
	GlobalSection(SolutionProperties) = preSolution
		HideSolutionNode = FALSE
	EndGlobalSection
EndGlobal
